
Microsoft Visual Studio Solution File, Format Version 12.00
# Visual Studio Version 17
VisualStudioVersion = 17.8.34316.72
MinimumVisualStudioVersion = 10.0.40219.1
Project("{9A19103F-16F7-4668-BE54-9A1E7A4F7556}") = "RESTWebApp.Example", "RESTWebApp.Example.csproj", "{50E96D76-7BCC-475A-91F7-4BCD4F31DC1D}"
EndProject
Project("{9A19103F-16F7-4668-BE54-9A1E7A4F7556}") = "RESTWebApp.Application", "Projects\RESTWebApp.Application\RESTWebApp.Application.csproj", "{7A66376E-04BC-42DD-9513-468AF47E2629}"
EndProject
Project("{9A19103F-16F7-4668-BE54-9A1E7A4F7556}") = "RESTWebApp.Data", "Projects\RESTWebApp.Data\RESTWebApp.Data.csproj", "{EFD0A103-16EB-4F4A-B9E7-89BB544157D1}"
EndProject
Project("{FAE04EC0-301F-11D3-BF4B-00C04F79EFBC}") = "RESTWebApp.UnitTesting", "Projects\RESTWebApp.UnitTesting\RESTWebApp.UnitTesting.csproj", "{CBF9EBA3-B304-4FDE-BAE0-D7F84BAE890E}"
EndProject
Global
	GlobalSection(SolutionConfigurationPlatforms) = preSolution
		Debug|Any CPU = Debug|Any CPU
		Release|Any CPU = Release|Any CPU
	EndGlobalSection
	GlobalSection(ProjectConfigurationPlatforms) = postSolution
		{50E96D76-7BCC-475A-91F7-4BCD4F31DC1D}.Debug|Any CPU.ActiveCfg = Debug|Any CPU
		{50E96D76-7BCC-475A-91F7-4BCD4F31DC1D}.Debug|Any CPU.Build.0 = Debug|Any CPU
		{50E96D76-7BCC-475A-91F7-4BCD4F31DC1D}.Release|Any CPU.ActiveCfg = Release|Any CPU
		{50E96D76-7BCC-475A-91F7-4BCD4F31DC1D}.Release|Any CPU.Build.0 = Release|Any CPU
		{7A66376E-04BC-42DD-9513-468AF47E2629}.Debug|Any CPU.ActiveCfg = Debug|Any CPU
		{7A66376E-04BC-42DD-9513-468AF47E2629}.Debug|Any CPU.Build.0 = Debug|Any CPU
		{7A66376E-04BC-42DD-9513-468AF47E2629}.Release|Any CPU.ActiveCfg = Release|Any CPU
		{7A66376E-04BC-42DD-9513-468AF47E2629}.Release|Any CPU.Build.0 = Release|Any CPU
		{EFD0A103-16EB-4F4A-B9E7-89BB544157D1}.Debug|Any CPU.ActiveCfg = Debug|Any CPU
		{EFD0A103-16EB-4F4A-B9E7-89BB544157D1}.Debug|Any CPU.Build.0 = Debug|Any CPU
		{EFD0A103-16EB-4F4A-B9E7-89BB544157D1}.Release|Any CPU.ActiveCfg = Release|Any CPU
		{EFD0A103-16EB-4F4A-B9E7-89BB544157D1}.Release|Any CPU.Build.0 = Release|Any CPU
		{CBF9EBA3-B304-4FDE-BAE0-D7F84BAE890E}.Debug|Any CPU.ActiveCfg = Debug|Any CPU
		{CBF9EBA3-B304-4FDE-BAE0-D7F84BAE890E}.Debug|Any CPU.Build.0 = Debug|Any CPU
		{CBF9EBA3-B304-4FDE-BAE0-D7F84BAE890E}.Release|Any CPU.ActiveCfg = Release|Any CPU
		{CBF9EBA3-B304-4FDE-BAE0-D7F84BAE890E}.Release|Any CPU.Build.0 = Release|Any CPU
	EndGlobalSection
	GlobalSection(SolutionProperties) = preSolution
		HideSolutionNode = FALSE
	EndGlobalSection
	GlobalSection(ExtensibilityGlobals) = postSolution
		SolutionGuid = {6C5E4C32-1E7C-4761-95E2-AA48F34F7BA6}
	EndGlobalSection
EndGlobal
